<?xml version="1.0" encoding="utf-8"?>
<Project ToolsVersion="4.0" xmlns="http://schemas.microsoft.com/developer/msbuild/2003">
  <ItemGroup>
    <Filter Include="Source Files">
      <UniqueIdentifier>{4FC737F1-C7A5-4376-A066-2A32D752A2FF}</UniqueIdentifier>
      <Extensions>cpp;c;cc;cxx;def;odl;idl;hpj;bat;asm;asmx</Extensions>
    </Filter>
    <Filter Include="Header Files">
      <UniqueIdentifier>{93995380-89BD-4b04-88EB-625FBE52EBFB}</UniqueIdentifier>
      <Extensions>h;hh;hpp;hxx;hm;inl;inc;ipp;xsd</Extensions>
    </Filter>
    <Filter Include="Resource Files">
      <UniqueIdentifier>{67DA6AB6-F800-4c08-8B7A-83BB121AAD01}</UniqueIdentifier>
      <Extensions>rc;ico;cur;bmp;dlg;rc2;rct;bin;rgs;gif;jpg;jpeg;jpe;resx;tiff;tif;png;wav;mfcribbon-ms</Extensions>
    </Filter>
    <Filter Include="Source Files\Systems">
      <UniqueIdentifier>{14c37bac-fdd8-41d2-93b4-a6ebfe714406}</UniqueIdentifier>
    </Filter>
    <Filter Include="Source Files\Systems\Graphics">
      <UniqueIdentifier>{549f1e48-c9fa-41ed-b045-85570a4e603c}</UniqueIdentifier>
    </Filter>
    <Filter Include="Source Files\Systems\Graphics\Window Management">
      <UniqueIdentifier>{1bbd5417-b273-4a09-abe8-b984de1f9294}</UniqueIdentifier>
    </Filter>
    <Filter Include="Source Files\Systems\GameObjects">
      <UniqueIdentifier>{283a9b4c-d6ce-4160-8f8a-219ce95a2757}</UniqueIdentifier>
    </Filter>
    <Filter Include="Source Files\Systems\Debug">
      <UniqueIdentifier>{c718caf6-5e7c-4afc-bc2d-48d4721598c1}</UniqueIdentifier>
    </Filter>
    <Filter Include="Source Files\Systems\Graphics\DebugDraw">
      <UniqueIdentifier>{3eb59744-b492-4f75-837f-3d7355ef505a}</UniqueIdentifier>
    </Filter>
    <Filter Include="Source Files\Systems\Debug\Trace Log">
      <UniqueIdentifier>{ebd76dd0-4792-4a9c-a3ea-49ecf77a824b}</UniqueIdentifier>
    </Filter>
    <Filter Include="Source Files\Utilities">
      <UniqueIdentifier>{c6bc48c8-b642-4531-89c6-fabfd7e8f06d}</UniqueIdentifier>
    </Filter>
    <Filter Include="Source Files\Systems\GameObjects\Components">
      <UniqueIdentifier>{9bc608b1-467f-494a-89d5-b17213b72b59}</UniqueIdentifier>
    </Filter>
    <Filter Include="Source Files\Systems\Networking">
      <UniqueIdentifier>{9218bee1-6be1-40c2-b44e-3de9f1027823}</UniqueIdentifier>
    </Filter>
    <Filter Include="Source Files\Systems\Input">
      <UniqueIdentifier>{e49d4627-792e-4338-a024-59bb12f406f2}</UniqueIdentifier>
    </Filter>
    <Filter Include="Source Files\Shared">
      <UniqueIdentifier>{2c8c864d-471b-4554-89ae-ce8eaa219956}</UniqueIdentifier>
    </Filter>
    <Filter Include="Source Files\Systems\Networking\Packets">
      <UniqueIdentifier>{24965a40-338c-473b-baa6-21497d8733bb}</UniqueIdentifier>
    </Filter>
    <Filter Include="Source Files\Systems\Graphics\Low Level">
      <UniqueIdentifier>{c68a4cb4-32f5-4603-8ee9-2b0bfc0c7e93}</UniqueIdentifier>
    </Filter>
    <Filter Include="Source Files\Systems\Graphics\Shaders">
      <UniqueIdentifier>{0a825a37-aff5-4a32-8122-e783bdae6314}</UniqueIdentifier>
    </Filter>
    <Filter Include="Source Files\Systems\Graphics\Shaders\FrameBuffer">
      <UniqueIdentifier>{0e81a217-d652-4dbb-9d25-60a58f353fa5}</UniqueIdentifier>
    </Filter>
    <Filter Include="Source Files\Systems\Graphics\External">
      <UniqueIdentifier>{f92bc742-3f3a-49f4-9d4a-8fa585bd9820}</UniqueIdentifier>
    </Filter>
    <Filter Include="Source Files\Systems\Graphics\Shaders\Texture">
      <UniqueIdentifier>{97a041b3-76b9-4c03-bc4c-33e9a7140873}</UniqueIdentifier>
    </Filter>
    <Filter Include="Source Files\Systems\GameObjects\Components\SpriteComponent">
      <UniqueIdentifier>{9fb77a99-234b-410b-b521-bb49ac8ffa05}</UniqueIdentifier>
    </Filter>
    <Filter Include="Source Files\Systems\GameObjects\Components\TransformComponent">
      <UniqueIdentifier>{0c8fc3f6-ade0-4289-bb4d-2b4f5940d2d6}</UniqueIdentifier>
    </Filter>
    <Filter Include="Source Files\Systems\GameObjects\Components\PlayerComponent">
      <UniqueIdentifier>{1a7ffaf8-30b8-4098-aece-091793e30240}</UniqueIdentifier>
    </Filter>
  </ItemGroup>
  <ItemGroup>
    <ClCompile Include="main.cpp">
      <Filter>Source Files</Filter>
    </ClCompile>
    <ClCompile Include="Engine.cpp">
      <Filter>Source Files\Systems</Filter>
    </ClCompile>
    <ClCompile Include="WindowManagement.cpp">
      <Filter>Source Files\Systems\Graphics\Window Management</Filter>
    </ClCompile>
    <ClCompile Include="GameObjectFactory.cpp">
      <Filter>Source Files\Systems\GameObjects</Filter>
    </ClCompile>
    <ClCompile Include="GameObject.cpp">
      <Filter>Source Files\Systems\GameObjects</Filter>
    </ClCompile>
    <ClCompile Include="GraphicsEngine.cpp">
      <Filter>Source Files\Systems\Graphics</Filter>
    </ClCompile>
    <ClCompile Include="TraceLog.cpp">
      <Filter>Source Files\Systems\Debug\Trace Log</Filter>
    </ClCompile>
    <ClCompile Include="FileUtils.cpp">
      <Filter>Source Files\Utilities</Filter>
    </ClCompile>
    <ClCompile Include="Client.cpp">
      <Filter>Source Files\Systems\Networking</Filter>
    </ClCompile>
    <ClCompile Include="InputManager.cpp">
      <Filter>Source Files\Systems\Input</Filter>
    </ClCompile>
    <ClCompile Include="PacketHandler.cpp">
      <Filter>Source Files\Systems\Networking\Packets</Filter>
    </ClCompile>
    <ClCompile Include="Packet.cpp">
      <Filter>Source Files\Systems\Networking\Packets</Filter>
    </ClCompile>
    <ClCompile Include="Shader.cpp">
      <Filter>Source Files\Systems\Graphics\Shaders</Filter>
    </ClCompile>
    <ClCompile Include="Square.cpp">
      <Filter>Source Files\Systems\Graphics\Low Level</Filter>
    </ClCompile>
    <ClCompile Include="Texture.cpp">
      <Filter>Source Files\Systems\Graphics\Low Level</Filter>
    </ClCompile>
    <ClCompile Include="stb_image.cpp">
      <Filter>Source Files\Systems\Graphics\External</Filter>
    </ClCompile>
    <ClCompile Include="glad.c">
      <Filter>Source Files\Systems\Graphics\External</Filter>
    </ClCompile>
    <ClCompile Include="SpriteComponent.cpp">
      <Filter>Source Files\Systems\GameObjects\Components\SpriteComponent</Filter>
    </ClCompile>
    <ClCompile Include="TransformComponent.cpp">
      <Filter>Source Files\Systems\GameObjects\Components\TransformComponent</Filter>
    </ClCompile>
    <ClCompile Include="RandomEngine.cpp">
      <Filter>Source Files\Utilities</Filter>
    </ClCompile>
    <ClCompile Include="PlayerComponent.cpp">
      <Filter>Source Files\Systems\GameObjects\Components\PlayerComponent</Filter>
    </ClCompile>
    <ClCompile Include="ActionManager.cpp">
      <Filter>Source Files\Systems\Input</Filter>
    </ClCompile>
    <ClCompile Include="Component.cpp">
      <Filter>Source Files\Systems\GameObjects\Components</Filter>
    </ClCompile>
  </ItemGroup>
  <ItemGroup>
    <ClInclude Include="Engine.h">
      <Filter>Source Files\Systems</Filter>
    </ClInclude>
    <ClInclude Include="WindowManagement.h">
      <Filter>Source Files\Systems\Graphics\Window Management</Filter>
    </ClInclude>
    <ClInclude Include="GameObjectFactory.h">
      <Filter>Source Files\Systems\GameObjects</Filter>
    </ClInclude>
    <ClInclude Include="GameObject.h">
      <Filter>Source Files\Systems\GameObjects</Filter>
    </ClInclude>
    <ClInclude Include="GraphicsEngine.h">
      <Filter>Source Files\Systems\Graphics</Filter>
    </ClInclude>
    <ClInclude Include="FileUtils.h">
      <Filter>Source Files\Utilities</Filter>
    </ClInclude>
    <ClInclude Include="Component.h">
      <Filter>Source Files\Systems\GameObjects\Components</Filter>
    </ClInclude>
    <ClInclude Include="Client.h">
      <Filter>Source Files\Systems\Networking</Filter>
    </ClInclude>
    <ClInclude Include="InputManager.h">
      <Filter>Source Files\Systems\Input</Filter>
    </ClInclude>
    <ClInclude Include="SharedVariables.h">
      <Filter>Source Files\Shared</Filter>
    </ClInclude>
    <ClInclude Include="PacketHandler.h">
      <Filter>Source Files\Systems\Networking\Packets</Filter>
    </ClInclude>
    <ClInclude Include="Packet.h">
      <Filter>Source Files\Systems\Networking\Packets</Filter>
    </ClInclude>
    <ClInclude Include="PacketTypes.h">
      <Filter>Source Files\Systems\Networking\Packets</Filter>
    </ClInclude>
    <ClInclude Include="Square.h">
      <Filter>Source Files\Systems\Graphics\Low Level</Filter>
    </ClInclude>
    <ClInclude Include="Shader.h">
      <Filter>Source Files\Systems\Graphics\Shaders</Filter>
    </ClInclude>
    <ClInclude Include="Texture.h">
      <Filter>Source Files\Systems\Graphics\Low Level</Filter>
    </ClInclude>
    <ClInclude Include="stb_image.h">
      <Filter>Source Files\Systems\Graphics\External</Filter>
    </ClInclude>
    <ClInclude Include="TransformComponent.h">
      <Filter>Source Files\Systems\GameObjects\Components\TransformComponent</Filter>
    </ClInclude>
    <ClInclude Include="RandomEngine.h">
      <Filter>Source Files\Utilities</Filter>
    </ClInclude>
    <ClInclude Include="SpriteComponent.h">
      <Filter>Source Files\Systems\GameObjects\Components\SpriteComponent</Filter>
    </ClInclude>
    <ClInclude Include="PlayerComponent.h">
      <Filter>Source Files\Systems\GameObjects\Components\PlayerComponent</Filter>
    </ClInclude>
    <ClInclude Include="ActionManager.h">
      <Filter>Source Files\Systems\Input</Filter>
    </ClInclude>
    <ClInclude Include="ActionTypes.h">
      <Filter>Source Files\Systems\Input</Filter>
    </ClInclude>
    <ClInclude Include="TraceLog.h">
      <Filter>Source Files\Systems\Debug\Trace Log</Filter>
    </ClInclude>
  </ItemGroup>
  <ItemGroup>
    <None Include="FrameBuffer.fs">
      <Filter>Source Files\Systems\Graphics\Shaders\FrameBuffer</Filter>
    </None>
    <None Include="FrameBuffer.vs">
      <Filter>Source Files\Systems\Graphics\Shaders\FrameBuffer</Filter>
    </None>
    <None Include="Texture.fs">
      <Filter>Source Files\Systems\Graphics\Shaders\Texture</Filter>
    </None>
    <None Include="Texture.vs">
      <Filter>Source Files\Systems\Graphics\Shaders\Texture</Filter>
    </None>
  </ItemGroup>
</Project>