
Microsoft Visual Studio Solution File, Format Version 12.00
# Visual Studio 15
VisualStudioVersion = 15.0.28010.2036
MinimumVisualStudioVersion = 10.0.40219.1
Project("{8BC9CEB8-8B4A-11D0-8D11-00A0C91BC942}") = "Client", "TechDeMMO\TechDeMMO.vcxproj", "{743262E4-3F34-4A80-9D85-15BF79BEA73B}"
EndProject
Project("{8BC9CEB8-8B4A-11D0-8D11-00A0C91BC942}") = "Server", "Server\Server.vcxproj", "{692414A2-7380-4693-B7B4-F720321B16CB}"
EndProject
Global
	GlobalSection(SolutionConfigurationPlatforms) = preSolution
		Debug|x64 = Debug|x64
		Debug|x86 = Debug|x86
		Release|x64 = Release|x64
		Release|x86 = Release|x86
	EndGlobalSection
	GlobalSection(ProjectConfigurationPlatforms) = postSolution
		{743262E4-3F34-4A80-9D85-15BF79BEA73B}.Debug|x64.ActiveCfg = Debug|x64
		{743262E4-3F34-4A80-9D85-15BF79BEA73B}.Debug|x64.Build.0 = Debug|x64
		{743262E4-3F34-4A80-9D85-15BF79BEA73B}.Debug|x86.ActiveCfg = Debug|Win32
		{743262E4-3F34-4A80-9D85-15BF79BEA73B}.Debug|x86.Build.0 = Debug|Win32
		{743262E4-3F34-4A80-9D85-15BF79BEA73B}.Release|x64.ActiveCfg = Release|x64
		{743262E4-3F34-4A80-9D85-15BF79BEA73B}.Release|x64.Build.0 = Release|x64
		{743262E4-3F34-4A80-9D85-15BF79BEA73B}.Release|x86.ActiveCfg = Release|Win32
		{743262E4-3F34-4A80-9D85-15BF79BEA73B}.Release|x86.Build.0 = Release|Win32
		{692414A2-7380-4693-B7B4-F720321B16CB}.Debug|x64.ActiveCfg = Debug|x64
		{692414A2-7380-4693-B7B4-F720321B16CB}.Debug|x64.Build.0 = Debug|x64
		{692414A2-7380-4693-B7B4-F720321B16CB}.Debug|x86.ActiveCfg = Debug|Win32
		{692414A2-7380-4693-B7B4-F720321B16CB}.Debug|x86.Build.0 = Debug|Win32
		{692414A2-7380-4693-B7B4-F720321B16CB}.Release|x64.ActiveCfg = Release|x64
		{692414A2-7380-4693-B7B4-F720321B16CB}.Release|x64.Build.0 = Release|x64
		{692414A2-7380-4693-B7B4-F720321B16CB}.Release|x86.ActiveCfg = Release|Win32
		{692414A2-7380-4693-B7B4-F720321B16CB}.Release|x86.Build.0 = Release|Win32
	EndGlobalSection
	GlobalSection(SolutionProperties) = preSolution
		HideSolutionNode = FALSE
	EndGlobalSection
	GlobalSection(ExtensibilityGlobals) = postSolution
		SolutionGuid = {0B1C4523-892B-4DF1-9B7A-08891DCD7430}
	EndGlobalSection
EndGlobal
